// !$*UTF8*$!
{
	archiveVersion = 1;
	classes = {
	};
	objectVersion = 50;
	objects = {

/* Begin PBXBuildFile section */
		47C7C70321D00D6E00ADB314 /* AppDelegate.swift in Sources */ = {isa = PBXBuildFile; fileRef = 47C7C70221D00D6E00ADB314 /* AppDelegate.swift */; };
		47C7C70521D00D6E00ADB314 /* ViewController.swift in Sources */ = {isa = PBXBuildFile; fileRef = 47C7C70421D00D6E00ADB314 /* ViewController.swift */; };
		47C7C70821D00D6E00ADB314 /* Main.storyboard in Resources */ = {isa = PBXBuildFile; fileRef = 47C7C70621D00D6E00ADB314 /* Main.storyboard */; };
		47C7C70B21D00D6E00ADB314 /* pettypets.xcdatamodeld in Sources */ = {isa = PBXBuildFile; fileRef = 47C7C70921D00D6E00ADB314 /* pettypets.xcdatamodeld */; };
		47C7C70D21D00D6F00ADB314 /* Assets.xcassets in Resources */ = {isa = PBXBuildFile; fileRef = 47C7C70C21D00D6F00ADB314 /* Assets.xcassets */; };
		47C7C71021D00D6F00ADB314 /* LaunchScreen.storyboard in Resources */ = {isa = PBXBuildFile; fileRef = 47C7C70E21D00D6F00ADB314 /* LaunchScreen.storyboard */; };
/* End PBXBuildFile section */

/* Begin PBXFileReference section */
		47C7C6FF21D00D6E00ADB314 /* pettypets.app */ = {isa = PBXFileReference; explicitFileType = wrapper.application; includeInIndex = 0; path = pettypets.app; sourceTree = BUILT_PRODUCTS_DIR; };
		47C7C70221D00D6E00ADB314 /* AppDelegate.swift */ = {isa = PBXFileReference; lastKnownFileType = sourcecode.swift; path = AppDelegate.swift; sourceTree = "<group>"; };
		47C7C70421D00D6E00ADB314 /* ViewController.swift */ = {isa = PBXFileReference; lastKnownFileType = sourcecode.swift; path = ViewController.swift; sourceTree = "<group>"; };
		47C7C70721D00D6E00ADB314 /* Base */ = {isa = PBXFileReference; lastKnownFileType = file.storyboard; name = Base; path = Base.lproj/Main.storyboard; sourceTree = "<group>"; };
		47C7C70A21D00D6E00ADB314 /* pettypets.xcdatamodel */ = {isa = PBXFileReference; lastKnownFileType = wrapper.xcdatamodel; path = pettypets.xcdatamodel; sourceTree = "<group>"; };
		47C7C70C21D00D6F00ADB314 /* Assets.xcassets */ = {isa = PBXFileReference; lastKnownFileType = folder.assetcatalog; path = Assets.xcassets; sourceTree = "<group>"; };
		47C7C70F21D00D6F00ADB314 /* Base */ = {isa = PBXFileReference; lastKnownFileType = file.storyboard; name = Base; path = Base.lproj/LaunchScreen.storyboard; sourceTree = "<group>"; };
		47C7C71121D00D6F00ADB314 /* Info.plist */ = {isa = PBXFileReference; lastKnownFileType = text.plist.xml; path = Info.plist; sourceTree = "<group>"; };
/* End PBXFileReference section */

/* Begin PBXFrameworksBuildPhase section */
		47C7C6FC21D00D6E00ADB314 /* Frameworks */ = {
			isa = PBXFrameworksBuildPhase;
			buildActionMask = 2147483647;
			files = (
			);
			runOnlyForDeploymentPostprocessing = 0;
		};
/* End PBXFrameworksBuildPhase section */

/* Begin PBXGroup section */
		47C7C6F621D00D6E00ADB314 = {
			isa = PBXGroup;
			children = (
				47C7C70121D00D6E00ADB314 /* pettypets */,
				47C7C70021D00D6E00ADB314 /* Products */,
			);
			sourceTree = "<group>";
		};
		47C7C70021D00D6E00ADB314 /* Products */ = {
			isa = PBXGroup;
			children = (
				47C7C6FF21D00D6E00ADB314 /* pettypets.app */,
			);
			name = Products;
			sourceTree = "<group>";
		};
		47C7C70121D00D6E00ADB314 /* pettypets */ = {
			isa = PBXGroup;
			children = (
				47C7C70221D00D6E00ADB314 /* AppDelegate.swift */,
				47C7C70421D00D6E00ADB314 /* ViewController.swift */,
				47C7C70621D00D6E00ADB314 /* Main.storyboard */,
				47C7C70C21D00D6F00ADB314 /* Assets.xcassets */,
				47C7C70E21D00D6F00ADB314 /* LaunchScreen.storyboard */,
				47C7C71121D00D6F00ADB314 /* Info.plist */,
				47C7C70921D00D6E00ADB314 /* pettypets.xcdatamodeld */,
			);
			path = pettypets;
			sourceTree = "<group>";
		};
/* End PBXGroup section */

/* Begin PBXNativeTarget section */
		47C7C6FE21D00D6E00ADB314 /* pettypets */ = {
			isa = PBXNativeTarget;
			buildConfigurationList = 47C7C71421D00D6F00ADB314 /* Build configuration list for PBXNativeTarget "pettypets" */;
			buildPhases = (
				47C7C6FB21D00D6E00ADB314 /* Sources */,
				47C7C6FC21D00D6E00ADB314 /* Frameworks */,
				47C7C6FD21D00D6E00ADB314 /* Resources */,
			);
			buildRules = (
			);
			dependencies = (
			);
			name = pettypets;
			productName = pettypets;
			productReference = 47C7C6FF21D00D6E00ADB314 /* pettypets.app */;
			productType = "com.apple.product-type.application";
		};
/* End PBXNativeTarget section */

/* Begin PBXProject section */
		47C7C6F721D00D6E00ADB314 /* Project object */ = {
			isa = PBXProject;
			attributes = {
				LastSwiftUpdateCheck = 1010;
				LastUpgradeCheck = 1010;
				ORGANIZATIONNAME = "tarek bahie";
				TargetAttributes = {
					47C7C6FE21D00D6E00ADB314 = {
						CreatedOnToolsVersion = 10.1;
					};
				};
			};
			buildConfigurationList = 47C7C6FA21D00D6E00ADB314 /* Build configuration list for PBXProject "pettypets" */;
			compatibilityVersion = "Xcode 9.3";
			developmentRegion = en;
			hasScannedForEncodings = 0;
			knownRegions = (
				en,
				Base,
			);
			mainGroup = 47C7C6F621D00D6E00ADB314;
			productRefGroup = 47C7C70021D00D6E00ADB314 /* Products */;
			projectDirPath = "";
			projectRoot = "";
			targets = (
				47C7C6FE21D00D6E00ADB314 /* pettypets */,
			);
		};
/* End PBXProject section */

/* Begin PBXResourcesBuildPhase section */
		47C7C6FD21D00D6E00ADB314 /* Resources */ = {
			isa = PBXResourcesBuildPhase;
			buildActionMask = 2147483647;
			files = (
				47C7C71021D00D6F00ADB314 /* LaunchScreen.storyboard in Resources */,
				47C7C70D21D00D6F00ADB314 /* Assets.xcassets in Resources */,
				47C7C70821D00D6E00ADB314 /* Main.storyboard in Resources */,
			);
			runOnlyForDeploymentPostprocessing = 0;
		};
/* End PBXResourcesBuildPhase section */

/* Begin PBXSourcesBuildPhase section */
		47C7C6FB21D00D6E00ADB314 /* Sources */ = {
			isa = PBXSourcesBuildPhase;
			buildActionMask = 2147483647;
			files = (
				47C7C70521D00D6E00ADB314 /* ViewController.swift in Sources */,
				47C7C70B21D00D6E00ADB314 /* pettypets.xcdatamodeld in Sources */,
				47C7C70321D00D6E00ADB314 /* AppDelegate.swift in Sources */,
			);
			runOnlyForDeploymentPostprocessing = 0;
		};
/* End PBXSourcesBuildPhase section */

/* Begin PBXVariantGroup section */
		47C7C70621D00D6E00ADB314 /* Main.storyboard */ = {
			isa = PBXVariantGroup;
			children = (
				47C7C70721D00D6E00ADB314 /* Base */,
			);
			name = Main.storyboard;
			sourceTree = "<group>";
		};
		47C7C70E21D00D6F00ADB314 /* LaunchScreen.storyboard */ = {
			isa = PBXVariantGroup;
			children = (
				47C7C70F21D00D6F00ADB314 /* Base */,
			);
			name = LaunchScreen.storyboard;
			sourceTree = "<group>";
		};
/* End PBXVariantGroup section */

/* Begin XCBuildConfiguration section */
		47C7C71221D00D6F00ADB314 /* Debug */ = {
			isa = XCBuildConfiguration;
			buildSettings = {
				ALWAYS_SEARCH_USER_PATHS = NO;
				CLANG_ANALYZER_NONNULL = YES;
				CLANG_ANALYZER_NUMBER_OBJECT_CONVERSION = YES_AGGRESSIVE;
				CLANG_CXX_LANGUAGE_STANDARD = "gnu++14";
				CLANG_CXX_LIBRARY = "libc++";
				CLANG_ENABLE_MODULES = YES;
				CLANG_ENABLE_OBJC_ARC = YES;
				CLANG_ENABLE_OBJC_WEAK = YES;
				CLANG_WARN_BLOCK_CAPTURE_AUTORELEASING = YES;
				CLANG_WARN_BOOL_CONVERSION = YES;
				CLANG_WARN_COMMA = YES;
				CLANG_WARN_CONSTANT_CONVERSION = YES;
				CLANG_WARN_DEPRECATED_OBJC_IMPLEMENTATIONS = YES;
				CLANG_WARN_DIRECT_OBJC_ISA_USAGE = YES_ERROR;
				CLANG_WARN_DOCUMENTATION_COMMENTS = YES;
				CLANG_WARN_EMPTY_BODY = YES;
				CLANG_WARN_ENUM_CONVERSION = YES;
				CLANG_WARN_INFINITE_RECURSION = YES;
				CLANG_WARN_INT_CONVERSION = YES;
				CLANG_WARN_NON_LITERAL_NULL_CONVERSION = YES;
				CLANG_WARN_OBJC_IMPLICIT_RETAIN_SELF = YES;
				CLANG_WARN_OBJC_LITERAL_CONVERSION = YES;
				CLANG_WARN_OBJC_ROOT_CLASS = YES_ERROR;
				CLANG_WARN_RANGE_LOOP_ANALYSIS = YES;
				CLANG_WARN_STRICT_PROTOTYPES = YES;
				CLANG_WARN_SUSPICIOUS_MOVE = YES;
				CLANG_WARN_UNGUARDED_AVAILABILITY = YES_AGGRESSIVE;
				CLANG_WARN_UNREACHABLE_CODE = YES;
				CLANG_WARN__DUPLICATE_METHOD_MATCH = YES;
				CODE_SIGN_IDENTITY = "iPhone Developer";
				COPY_PHASE_STRIP = NO;
				DEBUG_INFORMATION_FORMAT = dwarf;
				ENABLE_STRICT_OBJC_MSGSEND = YES;
				ENABLE_TESTABILITY = YES;
				GCC_C_LANGUAGE_STANDARD = gnu11;
				GCC_DYNAMIC_NO_PIC = NO;
				GCC_NO_COMMON_BLOCKS = YES;
				GCC_OPTIMIZATION_LEVEL = 0;
				GCC_PREPROCESSOR_DEFINITIONS = (
					"DEBUG=1",
					"$(inherited)",
				);
				GCC_WARN_64_TO_32_BIT_CONVERSION = YES;
				GCC_WARN_ABOUT_RETURN_TYPE = YES_ERROR;
				GCC_WARN_UNDECLARED_SELECTOR = YES;
				GCC_WARN_UNINITIALIZED_AUTOS = YES_AGGRESSIVE;
				GCC_WARN_UNUSED_FUNCTION = YES;
				GCC_WARN_UNUSED_VARIABLE = YES;
				IPHONEOS_DEPLOYMENT_TARGET = 12.1;
				MTL_ENABLE_DEBUG_INFO = INCLUDE_SOURCE;
				MTL_FAST_MATH = YES;
				ONLY_ACTIVE_ARCH = YES;
				SDKROOT = iphoneos;
				SWIFT_ACTIVE_COMPILATION_CONDITIONS = DEBUG;
				SWIFT_OPTIMIZATION_LEVEL = "-Onone";
			};
			name = Debug;
		};
		47C7C71321D00D6F00ADB314 /* Release */ = {
			isa = XCBuildConfiguration;
			buildSettings = {
				ALWAYS_SEARCH_USER_PATHS = NO;
				CLANG_ANALYZER_NONNULL = YES;
				CLANG_ANALYZER_NUMBER_OBJECT_CONVERSION = YES_AGGRESSIVE;
				CLANG_CXX_LANGUAGE_STANDARD = "gnu++14";
				CLANG_CXX_LIBRARY = "libc++";
				CLANG_ENABLE_MODULES = YES;
				CLANG_ENABLE_OBJC_ARC = YES;
				CLANG_ENABLE_OBJC_WEAK = YES;
				CLANG_WARN_BLOCK_CAPTURE_AUTORELEASING = YES;
				CLANG_WARN_BOOL_CONVERSION = YES;
				CLANG_WARN_COMMA = YES;
				CLANG_WARN_CONSTANT_CONVERSION = YES;
				CLANG_WARN_DEPRECATED_OBJC_IMPLEMENTATIONS = YES;
				CLANG_WARN_DIRECT_OBJC_ISA_USAGE = YES_ERROR;
				CLANG_WARN_DOCUMENTATION_COMMENTS = YES;
				CLANG_WARN_EMPTY_BODY = YES;
				CLANG_WARN_ENUM_CONVERSION = YES;
				CLANG_WARN_INFINITE_RECURSION = YES;
				CLANG_WARN_INT_CONVERSION = YES;
				CLANG_WARN_NON_LITERAL_NULL_CONVERSION = YES;
				CLANG_WARN_OBJC_IMPLICIT_RETAIN_SELF = YES;
				CLANG_WARN_OBJC_LITERAL_CONVERSION = YES;
				CLANG_WARN_OBJC_ROOT_CLASS = YES_ERROR;
				CLANG_WARN_RANGE_LOOP_ANALYSIS = YES;
				CLANG_WARN_STRICT_PROTOTYPES = YES;
				CLANG_WARN_SUSPICIOUS_MOVE = YES;
				CLANG_WARN_UNGUARDED_AVAILABILITY = YES_AGGRESSIVE;
				CLANG_WARN_UNREACHABLE_CODE = YES;
				CLANG_WARN__DUPLICATE_METHOD_MATCH = YES;
				CODE_SIGN_IDENTITY = "iPhone Developer";
				COPY_PHASE_STRIP = NO;
				DEBUG_INFORMATION_FORMAT = "dwarf-with-dsym";
				ENABLE_NS_ASSERTIONS = NO;
				ENABLE_STRICT_OBJC_MSGSEND = YES;
				GCC_C_LANGUAGE_STANDARD = gnu11;
				GCC_NO_COMMON_BLOCKS = YES;
				GCC_WARN_64_TO_32_BIT_CONVERSION = YES;
				GCC_WARN_ABOUT_RETURN_TYPE = YES_ERROR;
				GCC_WARN_UNDECLARED_SELECTOR = YES;
				GCC_WARN_UNINITIALIZED_AUTOS = YES_AGGRESSIVE;
				GCC_WARN_UNUSED_FUNCTION = YES;
				GCC_WARN_UNUSED_VARIABLE = YES;
				IPHONEOS_DEPLOYMENT_TARGET = 12.1;
				MTL_ENABLE_DEBUG_INFO = NO;
				MTL_FAST_MATH = YES;
				SDKROOT = iphoneos;
				SWIFT_COMPILATION_MODE = wholemodule;
				SWIFT_OPTIMIZATION_LEVEL = "-O";
				VALIDATE_PRODUCT = YES;
			};
			name = Release;
		};
		47C7C71521D00D6F00ADB314 /* Debug */ = {
			isa = XCBuildConfiguration;
			buildSettings = {
				ASSETCATALOG_COMPILER_APPICON_NAME = AppIcon;
				CODE_SIGN_STYLE = Automatic;
				DEVELOPMENT_TEAM = LQLDC32ZJ8;
				INFOPLIST_FILE = pettypets/Info.plist;
				LD_RUNPATH_SEARCH_PATHS = (
					"$(inherited)",
					"@executable_path/Frameworks",
				);
				PRODUCT_BUNDLE_IDENTIFIER = com.bahie.pettypets;
				PRODUCT_NAME = "$(TARGET_NAME)";
				SWIFT_VERSION = 4.2;
				TARGETED_DEVICE_FAMILY = "1,2";
			};
			name = Debug;
		};
		47C7C71621D00D6F00ADB314 /* Release */ = {
			isa = XCBuildConfiguration;
			buildSettings = {
				ASSETCATALOG_COMPILER_APPICON_NAME = AppIcon;
				CODE_SIGN_STYLE = Automatic;
				DEVELOPMENT_TEAM = LQLDC32ZJ8;
				INFOPLIST_FILE = pettypets/Info.plist;
				LD_RUNPATH_SEARCH_PATHS = (
					"$(inherited)",
					"@executable_path/Frameworks",
				);
				PRODUCT_BUNDLE_IDENTIFIER = com.bahie.pettypets;
				PRODUCT_NAME = "$(TARGET_NAME)";
				SWIFT_VERSION = 4.2;
				TARGETED_DEVICE_FAMILY = "1,2";
			};
			name = Release;
		};
/* End XCBuildConfiguration section */

/* Begin XCConfigurationList section */
		47C7C6FA21D00D6E00ADB314 /* Build configuration list for PBXProject "pettypets" */ = {
			isa = XCConfigurationList;
			buildConfigurations = (
				47C7C71221D00D6F00ADB314 /* Debug */,
				47C7C71321D00D6F00ADB314 /* Release */,
			);
			defaultConfigurationIsVisible = 0;
			defaultConfigurationName = Release;
		};
		47C7C71421D00D6F00ADB314 /* Build configuration list for PBXNativeTarget "pettypets" */ = {
			isa = XCConfigurationList;
			buildConfigurations = (
				47C7C71521D00D6F00ADB314 /* Debug */,
				47C7C71621D00D6F00ADB314 /* Release */,
			);
			defaultConfigurationIsVisible = 0;
			defaultConfigurationName = Release;
		};
/* End XCConfigurationList section */

/* Begin XCVersionGroup section */
		47C7C70921D00D6E00ADB314 /* pettypets.xcdatamodeld */ = {
			isa = XCVersionGroup;
			children = (
				47C7C70A21D00D6E00ADB314 /* pettypets.xcdatamodel */,
			);
			currentVersion = 47C7C70A21D00D6E00ADB314 /* pettypets.xcdatamodel */;
			path = pettypets.xcdatamodeld;
			sourceTree = "<group>";
			versionGroupType = wrapper.xcdatamodel;
		};
/* End XCVersionGroup section */
	};
	rootObject = 47C7C6F721D00D6E00ADB314 /* Project object */;
}
